
Microsoft Visual Studio Solution File, Format Version 12.00
# Visual Studio 15
VisualStudioVersion = 15.0.28307.136
MinimumVisualStudioVersion = 10.0.40219.1
Project("{FAE04EC0-301F-11D3-BF4B-00C04F79EFBC}") = "Months", "Months\Months.csproj", "{EADF5153-B65A-44E9-82B5-80D4E324641C}"
EndProject
Project("{FAE04EC0-301F-11D3-BF4B-00C04F79EFBC}") = "CoronaVirus", "CoronaVirus\CoronaVirus.csproj", "{4C4757C9-AFC3-40AB-923A-77F3AE3D0A33}"
EndProject
Global
	GlobalSection(SolutionConfigurationPlatforms) = preSolution
		Debug|Any CPU = Debug|Any CPU
		Release|Any CPU = Release|Any CPU
	EndGlobalSection
	GlobalSection(ProjectConfigurationPlatforms) = postSolution
		{EADF5153-B65A-44E9-82B5-80D4E324641C}.Debug|Any CPU.ActiveCfg = Debug|Any CPU
		{EADF5153-B65A-44E9-82B5-80D4E324641C}.Debug|Any CPU.Build.0 = Debug|Any CPU
		{EADF5153-B65A-44E9-82B5-80D4E324641C}.Release|Any CPU.ActiveCfg = Release|Any CPU
		{EADF5153-B65A-44E9-82B5-80D4E324641C}.Release|Any CPU.Build.0 = Release|Any CPU
		{4C4757C9-AFC3-40AB-923A-77F3AE3D0A33}.Debug|Any CPU.ActiveCfg = Debug|Any CPU
		{4C4757C9-AFC3-40AB-923A-77F3AE3D0A33}.Debug|Any CPU.Build.0 = Debug|Any CPU
		{4C4757C9-AFC3-40AB-923A-77F3AE3D0A33}.Release|Any CPU.ActiveCfg = Release|Any CPU
		{4C4757C9-AFC3-40AB-923A-77F3AE3D0A33}.Release|Any CPU.Build.0 = Release|Any CPU
	EndGlobalSection
	GlobalSection(SolutionProperties) = preSolution
		HideSolutionNode = FALSE
	EndGlobalSection
	GlobalSection(ExtensibilityGlobals) = postSolution
		SolutionGuid = {7052102A-18B6-4FD7-9298-1D4A348409E2}
	EndGlobalSection
EndGlobal
