
Microsoft Visual Studio Solution File, Format Version 12.00
# Visual Studio 14
VisualStudioVersion = 14.0.24720.0
MinimumVisualStudioVersion = 10.0.40219.1
Project("{FAE04EC0-301F-11D3-BF4B-00C04F79EFBC}") = "ScrapeLibrary", "ScrapeLibrary\ScrapeLibrary.csproj", "{A9F59109-BD5B-4265-B88E-96C9B4DB74BA}"
EndProject
Project("{FAE04EC0-301F-11D3-BF4B-00C04F79EFBC}") = "ScrapeClient", "ScrapeClient\ScrapeClient.csproj", "{77E5D647-E688-4838-B408-A59669EDA0E0}"
EndProject
Global
	GlobalSection(SolutionConfigurationPlatforms) = preSolution
		Debug|Any CPU = Debug|Any CPU
		Release|Any CPU = Release|Any CPU
	EndGlobalSection
	GlobalSection(ProjectConfigurationPlatforms) = postSolution
		{A9F59109-BD5B-4265-B88E-96C9B4DB74BA}.Debug|Any CPU.ActiveCfg = Debug|Any CPU
		{A9F59109-BD5B-4265-B88E-96C9B4DB74BA}.Debug|Any CPU.Build.0 = Debug|Any CPU
		{A9F59109-BD5B-4265-B88E-96C9B4DB74BA}.Release|Any CPU.ActiveCfg = Release|Any CPU
		{A9F59109-BD5B-4265-B88E-96C9B4DB74BA}.Release|Any CPU.Build.0 = Release|Any CPU
		{77E5D647-E688-4838-B408-A59669EDA0E0}.Debug|Any CPU.ActiveCfg = Debug|Any CPU
		{77E5D647-E688-4838-B408-A59669EDA0E0}.Debug|Any CPU.Build.0 = Debug|Any CPU
		{77E5D647-E688-4838-B408-A59669EDA0E0}.Release|Any CPU.ActiveCfg = Release|Any CPU
		{77E5D647-E688-4838-B408-A59669EDA0E0}.Release|Any CPU.Build.0 = Release|Any CPU
	EndGlobalSection
	GlobalSection(SolutionProperties) = preSolution
		HideSolutionNode = FALSE
	EndGlobalSection
EndGlobal
